
Microsoft Visual Studio Solution File, Format Version 12.00
# Visual Studio Version 16
VisualStudioVersion = 16.0.34601.136
MinimumVisualStudioVersion = 10.0.40219.1
Project("{FAE04EC0-301F-11D3-BF4B-00C04F79EFBC}") = "lab3.3", "lab3.3\lab3.3.csproj", "{31D780D5-B074-4F0E-94BE-6819D52BC3CC}"
EndProject
Global
	GlobalSection(SolutionConfigurationPlatforms) = preSolution
		Debug|Any CPU = Debug|Any CPU
		Release|Any CPU = Release|Any CPU
	EndGlobalSection
	GlobalSection(ProjectConfigurationPlatforms) = postSolution
		{31D780D5-B074-4F0E-94BE-6819D52BC3CC}.Debug|Any CPU.ActiveCfg = Debug|Any CPU
		{31D780D5-B074-4F0E-94BE-6819D52BC3CC}.Debug|Any CPU.Build.0 = Debug|Any CPU
		{31D780D5-B074-4F0E-94BE-6819D52BC3CC}.Release|Any CPU.ActiveCfg = Release|Any CPU
		{31D780D5-B074-4F0E-94BE-6819D52BC3CC}.Release|Any CPU.Build.0 = Release|Any CPU
	EndGlobalSection
	GlobalSection(SolutionProperties) = preSolution
		HideSolutionNode = FALSE
	EndGlobalSection
	GlobalSection(ExtensibilityGlobals) = postSolution
		SolutionGuid = {86079381-166D-41FF-8754-A53CF9C984D6}
	EndGlobalSection
EndGlobal
