
Microsoft Visual Studio Solution File, Format Version 12.00
# Visual Studio Version 16
VisualStudioVersion = 16.0.34601.136
MinimumVisualStudioVersion = 10.0.40219.1
Project("{FAE04EC0-301F-11D3-BF4B-00C04F79EFBC}") = "lab3.1", "lab3.1\lab3.1.csproj", "{15537CA6-4CA9-4817-B567-AE93CA7B52F1}"
EndProject
Global
	GlobalSection(SolutionConfigurationPlatforms) = preSolution
		Debug|Any CPU = Debug|Any CPU
		Release|Any CPU = Release|Any CPU
	EndGlobalSection
	GlobalSection(ProjectConfigurationPlatforms) = postSolution
		{15537CA6-4CA9-4817-B567-AE93CA7B52F1}.Debug|Any CPU.ActiveCfg = Debug|Any CPU
		{15537CA6-4CA9-4817-B567-AE93CA7B52F1}.Debug|Any CPU.Build.0 = Debug|Any CPU
		{15537CA6-4CA9-4817-B567-AE93CA7B52F1}.Release|Any CPU.ActiveCfg = Release|Any CPU
		{15537CA6-4CA9-4817-B567-AE93CA7B52F1}.Release|Any CPU.Build.0 = Release|Any CPU
	EndGlobalSection
	GlobalSection(SolutionProperties) = preSolution
		HideSolutionNode = FALSE
	EndGlobalSection
	GlobalSection(ExtensibilityGlobals) = postSolution
		SolutionGuid = {F6102258-96E1-4566-BC18-52ADB357FBB0}
	EndGlobalSection
EndGlobal
